
Microsoft Visual Studio Solution File, Format Version 12.00
# Visual Studio Version 17
VisualStudioVersion = 17.5.33516.290
MinimumVisualStudioVersion = 10.0.40219.1
Project("{FAE04EC0-301F-11D3-BF4B-00C04F79EFBC}") = "BigData", "BigData.csproj", "{B7B3CE84-647F-4FD1-ADDC-570F1CD3D06B}"
EndProject
Global
	GlobalSection(SolutionConfigurationPlatforms) = preSolution
		Debug|Any CPU = Debug|Any CPU
		Release|Any CPU = Release|Any CPU
	EndGlobalSection
	GlobalSection(ProjectConfigurationPlatforms) = postSolution
		{B7B3CE84-647F-4FD1-ADDC-570F1CD3D06B}.Debug|Any CPU.ActiveCfg = Debug|Any CPU
		{B7B3CE84-647F-4FD1-ADDC-570F1CD3D06B}.Debug|Any CPU.Build.0 = Debug|Any CPU
		{B7B3CE84-647F-4FD1-ADDC-570F1CD3D06B}.Release|Any CPU.ActiveCfg = Release|Any CPU
		{B7B3CE84-647F-4FD1-ADDC-570F1CD3D06B}.Release|Any CPU.Build.0 = Release|Any CPU
	EndGlobalSection
	GlobalSection(SolutionProperties) = preSolution
		HideSolutionNode = FALSE
	EndGlobalSection
	GlobalSection(ExtensibilityGlobals) = postSolution
		SolutionGuid = {672BFDDB-4DD8-4460-943A-93A488C50804}
	EndGlobalSection
EndGlobal
