
Microsoft Visual Studio Solution File, Format Version 12.00
# Visual Studio Version 17
VisualStudioVersion = 17.5.33516.290
MinimumVisualStudioVersion = 10.0.40219.1
Project("{FAE04EC0-301F-11D3-BF4B-00C04F79EFBC}") = "perfect numbers", "perfect numbers.csproj", "{29FBA681-CD9F-4353-B233-D108303ECABE}"
EndProject
Global
	GlobalSection(SolutionConfigurationPlatforms) = preSolution
		Debug|Any CPU = Debug|Any CPU
		Release|Any CPU = Release|Any CPU
	EndGlobalSection
	GlobalSection(ProjectConfigurationPlatforms) = postSolution
		{29FBA681-CD9F-4353-B233-D108303ECABE}.Debug|Any CPU.ActiveCfg = Debug|Any CPU
		{29FBA681-CD9F-4353-B233-D108303ECABE}.Debug|Any CPU.Build.0 = Debug|Any CPU
		{29FBA681-CD9F-4353-B233-D108303ECABE}.Release|Any CPU.ActiveCfg = Release|Any CPU
		{29FBA681-CD9F-4353-B233-D108303ECABE}.Release|Any CPU.Build.0 = Release|Any CPU
	EndGlobalSection
	GlobalSection(SolutionProperties) = preSolution
		HideSolutionNode = FALSE
	EndGlobalSection
	GlobalSection(ExtensibilityGlobals) = postSolution
		SolutionGuid = {01119A18-B1ED-43E6-B578-943FBA88A47A}
	EndGlobalSection
EndGlobal
